// !$*UTF8*$!
{
	archiveVersion = 1;
	classes = {
	};
	objectVersion = 50;
	objects = {

/* Begin PBXBuildFile section */
		9A9EFA4024912571000AC2DB /* AppDelegate.swift in Sources */ = {isa = PBXBuildFile; fileRef = 9A9EFA3F24912571000AC2DB /* AppDelegate.swift */; };
		9A9EFA4224912571000AC2DB /* SceneDelegate.swift in Sources */ = {isa = PBXBuildFile; fileRef = 9A9EFA4124912571000AC2DB /* SceneDelegate.swift */; };
		9A9EFA4424912571000AC2DB /* WeatherViewController.swift in Sources */ = {isa = PBXBuildFile; fileRef = 9A9EFA4324912571000AC2DB /* WeatherViewController.swift */; };
		9A9EFA4724912571000AC2DB /* Main.storyboard in Resources */ = {isa = PBXBuildFile; fileRef = 9A9EFA4524912571000AC2DB /* Main.storyboard */; };
		9A9EFA4924912575000AC2DB /* Assets.xcassets in Resources */ = {isa = PBXBuildFile; fileRef = 9A9EFA4824912575000AC2DB /* Assets.xcassets */; };
		9A9EFA4C24912575000AC2DB /* LaunchScreen.storyboard in Resources */ = {isa = PBXBuildFile; fileRef = 9A9EFA4A24912575000AC2DB /* LaunchScreen.storyboard */; };
		9A9EFA572491264C000AC2DB /* WeatherManager.swift in Sources */ = {isa = PBXBuildFile; fileRef = 9A9EFA562491264C000AC2DB /* WeatherManager.swift */; };
		9A9EFA592491273F000AC2DB /* WeatherModel.swift in Sources */ = {isa = PBXBuildFile; fileRef = 9A9EFA582491273F000AC2DB /* WeatherModel.swift */; };
		9A9EFA5C24912781000AC2DB /* WeatherData.swift in Sources */ = {isa = PBXBuildFile; fileRef = 9A9EFA5B24912781000AC2DB /* WeatherData.swift */; };
/* End PBXBuildFile section */

/* Begin PBXFileReference section */
		9A9EFA3C24912571000AC2DB /* CurrentWeather.app */ = {isa = PBXFileReference; explicitFileType = wrapper.application; includeInIndex = 0; path = CurrentWeather.app; sourceTree = BUILT_PRODUCTS_DIR; };
		9A9EFA3F24912571000AC2DB /* AppDelegate.swift */ = {isa = PBXFileReference; lastKnownFileType = sourcecode.swift; path = AppDelegate.swift; sourceTree = "<group>"; };
		9A9EFA4124912571000AC2DB /* SceneDelegate.swift */ = {isa = PBXFileReference; lastKnownFileType = sourcecode.swift; path = SceneDelegate.swift; sourceTree = "<group>"; };
		9A9EFA4324912571000AC2DB /* WeatherViewController.swift */ = {isa = PBXFileReference; lastKnownFileType = sourcecode.swift; path = WeatherViewController.swift; sourceTree = "<group>"; };
		9A9EFA4624912571000AC2DB /* Base */ = {isa = PBXFileReference; lastKnownFileType = file.storyboard; name = Base; path = Base.lproj/Main.storyboard; sourceTree = "<group>"; };
		9A9EFA4824912575000AC2DB /* Assets.xcassets */ = {isa = PBXFileReference; lastKnownFileType = folder.assetcatalog; path = Assets.xcassets; sourceTree = "<group>"; };
		9A9EFA4B24912575000AC2DB /* Base */ = {isa = PBXFileReference; lastKnownFileType = file.storyboard; name = Base; path = Base.lproj/LaunchScreen.storyboard; sourceTree = "<group>"; };
		9A9EFA4D24912575000AC2DB /* Info.plist */ = {isa = PBXFileReference; lastKnownFileType = text.plist.xml; path = Info.plist; sourceTree = "<group>"; };
		9A9EFA562491264C000AC2DB /* WeatherManager.swift */ = {isa = PBXFileReference; lastKnownFileType = sourcecode.swift; path = WeatherManager.swift; sourceTree = "<group>"; };
		9A9EFA582491273F000AC2DB /* WeatherModel.swift */ = {isa = PBXFileReference; lastKnownFileType = sourcecode.swift; path = WeatherModel.swift; sourceTree = "<group>"; };
		9A9EFA5B24912781000AC2DB /* WeatherData.swift */ = {isa = PBXFileReference; lastKnownFileType = sourcecode.swift; path = WeatherData.swift; sourceTree = "<group>"; };
/* End PBXFileReference section */

/* Begin PBXFrameworksBuildPhase section */
		9A9EFA3924912571000AC2DB /* Frameworks */ = {
			isa = PBXFrameworksBuildPhase;
			buildActionMask = 2147483647;
			files = (
			);
			runOnlyForDeploymentPostprocessing = 0;
		};
/* End PBXFrameworksBuildPhase section */

/* Begin PBXGroup section */
		9A9EFA3324912571000AC2DB = {
			isa = PBXGroup;
			children = (
				9A9EFA3E24912571000AC2DB /* CurrentWeather */,
				9A9EFA3D24912571000AC2DB /* Products */,
			);
			sourceTree = "<group>";
		};
		9A9EFA3D24912571000AC2DB /* Products */ = {
			isa = PBXGroup;
			children = (
				9A9EFA3C24912571000AC2DB /* CurrentWeather.app */,
			);
			name = Products;
			sourceTree = "<group>";
		};
		9A9EFA3E24912571000AC2DB /* CurrentWeather */ = {
			isa = PBXGroup;
			children = (
				9A9EFA3F24912571000AC2DB /* AppDelegate.swift */,
				9A9EFA4124912571000AC2DB /* SceneDelegate.swift */,
				9A9EFA53249125DF000AC2DB /* Model */,
				9A9EFA54249125F3000AC2DB /* View */,
				9A9EFA5524912603000AC2DB /* Controller */,
				9A9EFA4824912575000AC2DB /* Assets.xcassets */,
				9A9EFA4A24912575000AC2DB /* LaunchScreen.storyboard */,
				9A9EFA4D24912575000AC2DB /* Info.plist */,
			);
			path = CurrentWeather;
			sourceTree = "<group>";
		};
		9A9EFA53249125DF000AC2DB /* Model */ = {
			isa = PBXGroup;
			children = (
				9A9EFA562491264C000AC2DB /* WeatherManager.swift */,
				9A9EFA582491273F000AC2DB /* WeatherModel.swift */,
				9A9EFA5B24912781000AC2DB /* WeatherData.swift */,
			);
			path = Model;
			sourceTree = "<group>";
		};
		9A9EFA54249125F3000AC2DB /* View */ = {
			isa = PBXGroup;
			children = (
				9A9EFA4524912571000AC2DB /* Main.storyboard */,
			);
			path = View;
			sourceTree = "<group>";
		};
		9A9EFA5524912603000AC2DB /* Controller */ = {
			isa = PBXGroup;
			children = (
				9A9EFA4324912571000AC2DB /* WeatherViewController.swift */,
			);
			path = Controller;
			sourceTree = "<group>";
		};
/* End PBXGroup section */

/* Begin PBXNativeTarget section */
		9A9EFA3B24912571000AC2DB /* CurrentWeather */ = {
			isa = PBXNativeTarget;
			buildConfigurationList = 9A9EFA5024912575000AC2DB /* Build configuration list for PBXNativeTarget "CurrentWeather" */;
			buildPhases = (
				9A9EFA3824912571000AC2DB /* Sources */,
				9A9EFA3924912571000AC2DB /* Frameworks */,
				9A9EFA3A24912571000AC2DB /* Resources */,
			);
			buildRules = (
			);
			dependencies = (
			);
			name = CurrentWeather;
			productName = CurrentWeather;
			productReference = 9A9EFA3C24912571000AC2DB /* CurrentWeather.app */;
			productType = "com.apple.product-type.application";
		};
/* End PBXNativeTarget section */

/* Begin PBXProject section */
		9A9EFA3424912571000AC2DB /* Project object */ = {
			isa = PBXProject;
			attributes = {
				LastSwiftUpdateCheck = 1100;
				LastUpgradeCheck = 1100;
				ORGANIZATIONNAME = "Avadh Mewada";
				TargetAttributes = {
					9A9EFA3B24912571000AC2DB = {
						CreatedOnToolsVersion = 11.0;
					};
				};
			};
			buildConfigurationList = 9A9EFA3724912571000AC2DB /* Build configuration list for PBXProject "CurrentWeather" */;
			compatibilityVersion = "Xcode 9.3";
			developmentRegion = en;
			hasScannedForEncodings = 0;
			knownRegions = (
				en,
				Base,
			);
			mainGroup = 9A9EFA3324912571000AC2DB;
			productRefGroup = 9A9EFA3D24912571000AC2DB /* Products */;
			projectDirPath = "";
			projectRoot = "";
			targets = (
				9A9EFA3B24912571000AC2DB /* CurrentWeather */,
			);
		};
/* End PBXProject section */

/* Begin PBXResourcesBuildPhase section */
		9A9EFA3A24912571000AC2DB /* Resources */ = {
			isa = PBXResourcesBuildPhase;
			buildActionMask = 2147483647;
			files = (
				9A9EFA4C24912575000AC2DB /* LaunchScreen.storyboard in Resources */,
				9A9EFA4924912575000AC2DB /* Assets.xcassets in Resources */,
				9A9EFA4724912571000AC2DB /* Main.storyboard in Resources */,
			);
			runOnlyForDeploymentPostprocessing = 0;
		};
/* End PBXResourcesBuildPhase section */

/* Begin PBXSourcesBuildPhase section */
		9A9EFA3824912571000AC2DB /* Sources */ = {
			isa = PBXSourcesBuildPhase;
			buildActionMask = 2147483647;
			files = (
				9A9EFA4424912571000AC2DB /* WeatherViewController.swift in Sources */,
				9A9EFA4024912571000AC2DB /* AppDelegate.swift in Sources */,
				9A9EFA572491264C000AC2DB /* WeatherManager.swift in Sources */,
				9A9EFA4224912571000AC2DB /* SceneDelegate.swift in Sources */,
				9A9EFA5C24912781000AC2DB /* WeatherData.swift in Sources */,
				9A9EFA592491273F000AC2DB /* WeatherModel.swift in Sources */,
			);
			runOnlyForDeploymentPostprocessing = 0;
		};
/* End PBXSourcesBuildPhase section */

/* Begin PBXVariantGroup section */
		9A9EFA4524912571000AC2DB /* Main.storyboard */ = {
			isa = PBXVariantGroup;
			children = (
				9A9EFA4624912571000AC2DB /* Base */,
			);
			name = Main.storyboard;
			sourceTree = "<group>";
		};
		9A9EFA4A24912575000AC2DB /* LaunchScreen.storyboard */ = {
			isa = PBXVariantGroup;
			children = (
				9A9EFA4B24912575000AC2DB /* Base */,
			);
			name = LaunchScreen.storyboard;
			sourceTree = "<group>";
		};
/* End PBXVariantGroup section */

/* Begin XCBuildConfiguration section */
		9A9EFA4E24912575000AC2DB /* Debug */ = {
			isa = XCBuildConfiguration;
			buildSettings = {
				ALWAYS_SEARCH_USER_PATHS = NO;
				CLANG_ANALYZER_NONNULL = YES;
				CLANG_ANALYZER_NUMBER_OBJECT_CONVERSION = YES_AGGRESSIVE;
				CLANG_CXX_LANGUAGE_STANDARD = "gnu++14";
				CLANG_CXX_LIBRARY = "libc++";
				CLANG_ENABLE_MODULES = YES;
				CLANG_ENABLE_OBJC_ARC = YES;
				CLANG_ENABLE_OBJC_WEAK = YES;
				CLANG_WARN_BLOCK_CAPTURE_AUTORELEASING = YES;
				CLANG_WARN_BOOL_CONVERSION = YES;
				CLANG_WARN_COMMA = YES;
				CLANG_WARN_CONSTANT_CONVERSION = YES;
				CLANG_WARN_DEPRECATED_OBJC_IMPLEMENTATIONS = YES;
				CLANG_WARN_DIRECT_OBJC_ISA_USAGE = YES_ERROR;
				CLANG_WARN_DOCUMENTATION_COMMENTS = YES;
				CLANG_WARN_EMPTY_BODY = YES;
				CLANG_WARN_ENUM_CONVERSION = YES;
				CLANG_WARN_INFINITE_RECURSION = YES;
				CLANG_WARN_INT_CONVERSION = YES;
				CLANG_WARN_NON_LITERAL_NULL_CONVERSION = YES;
				CLANG_WARN_OBJC_IMPLICIT_RETAIN_SELF = YES;
				CLANG_WARN_OBJC_LITERAL_CONVERSION = YES;
				CLANG_WARN_OBJC_ROOT_CLASS = YES_ERROR;
				CLANG_WARN_RANGE_LOOP_ANALYSIS = YES;
				CLANG_WARN_STRICT_PROTOTYPES = YES;
				CLANG_WARN_SUSPICIOUS_MOVE = YES;
				CLANG_WARN_UNGUARDED_AVAILABILITY = YES_AGGRESSIVE;
				CLANG_WARN_UNREACHABLE_CODE = YES;
				CLANG_WARN__DUPLICATE_METHOD_MATCH = YES;
				COPY_PHASE_STRIP = NO;
				DEBUG_INFORMATION_FORMAT = dwarf;
				ENABLE_STRICT_OBJC_MSGSEND = YES;
				ENABLE_TESTABILITY = YES;
				GCC_C_LANGUAGE_STANDARD = gnu11;
				GCC_DYNAMIC_NO_PIC = NO;
				GCC_NO_COMMON_BLOCKS = YES;
				GCC_OPTIMIZATION_LEVEL = 0;
				GCC_PREPROCESSOR_DEFINITIONS = (
					"DEBUG=1",
					"$(inherited)",
				);
				GCC_WARN_64_TO_32_BIT_CONVERSION = YES;
				GCC_WARN_ABOUT_RETURN_TYPE = YES_ERROR;
				GCC_WARN_UNDECLARED_SELECTOR = YES;
				GCC_WARN_UNINITIALIZED_AUTOS = YES_AGGRESSIVE;
				GCC_WARN_UNUSED_FUNCTION = YES;
				GCC_WARN_UNUSED_VARIABLE = YES;
				IPHONEOS_DEPLOYMENT_TARGET = 13.0;
				MTL_ENABLE_DEBUG_INFO = INCLUDE_SOURCE;
				MTL_FAST_MATH = YES;
				ONLY_ACTIVE_ARCH = YES;
				SDKROOT = iphoneos;
				SWIFT_ACTIVE_COMPILATION_CONDITIONS = DEBUG;
				SWIFT_OPTIMIZATION_LEVEL = "-Onone";
			};
			name = Debug;
		};
		9A9EFA4F24912575000AC2DB /* Release */ = {
			isa = XCBuildConfiguration;
			buildSettings = {
				ALWAYS_SEARCH_USER_PATHS = NO;
				CLANG_ANALYZER_NONNULL = YES;
				CLANG_ANALYZER_NUMBER_OBJECT_CONVERSION = YES_AGGRESSIVE;
				CLANG_CXX_LANGUAGE_STANDARD = "gnu++14";
				CLANG_CXX_LIBRARY = "libc++";
				CLANG_ENABLE_MODULES = YES;
				CLANG_ENABLE_OBJC_ARC = YES;
				CLANG_ENABLE_OBJC_WEAK = YES;
				CLANG_WARN_BLOCK_CAPTURE_AUTORELEASING = YES;
				CLANG_WARN_BOOL_CONVERSION = YES;
				CLANG_WARN_COMMA = YES;
				CLANG_WARN_CONSTANT_CONVERSION = YES;
				CLANG_WARN_DEPRECATED_OBJC_IMPLEMENTATIONS = YES;
				CLANG_WARN_DIRECT_OBJC_ISA_USAGE = YES_ERROR;
				CLANG_WARN_DOCUMENTATION_COMMENTS = YES;
				CLANG_WARN_EMPTY_BODY = YES;
				CLANG_WARN_ENUM_CONVERSION = YES;
				CLANG_WARN_INFINITE_RECURSION = YES;
				CLANG_WARN_INT_CONVERSION = YES;
				CLANG_WARN_NON_LITERAL_NULL_CONVERSION = YES;
				CLANG_WARN_OBJC_IMPLICIT_RETAIN_SELF = YES;
				CLANG_WARN_OBJC_LITERAL_CONVERSION = YES;
				CLANG_WARN_OBJC_ROOT_CLASS = YES_ERROR;
				CLANG_WARN_RANGE_LOOP_ANALYSIS = YES;
				CLANG_WARN_STRICT_PROTOTYPES = YES;
				CLANG_WARN_SUSPICIOUS_MOVE = YES;
				CLANG_WARN_UNGUARDED_AVAILABILITY = YES_AGGRESSIVE;
				CLANG_WARN_UNREACHABLE_CODE = YES;
				CLANG_WARN__DUPLICATE_METHOD_MATCH = YES;
				COPY_PHASE_STRIP = NO;
				DEBUG_INFORMATION_FORMAT = "dwarf-with-dsym";
				ENABLE_NS_ASSERTIONS = NO;
				ENABLE_STRICT_OBJC_MSGSEND = YES;
				GCC_C_LANGUAGE_STANDARD = gnu11;
				GCC_NO_COMMON_BLOCKS = YES;
				GCC_WARN_64_TO_32_BIT_CONVERSION = YES;
				GCC_WARN_ABOUT_RETURN_TYPE = YES_ERROR;
				GCC_WARN_UNDECLARED_SELECTOR = YES;
				GCC_WARN_UNINITIALIZED_AUTOS = YES_AGGRESSIVE;
				GCC_WARN_UNUSED_FUNCTION = YES;
				GCC_WARN_UNUSED_VARIABLE = YES;
				IPHONEOS_DEPLOYMENT_TARGET = 13.0;
				MTL_ENABLE_DEBUG_INFO = NO;
				MTL_FAST_MATH = YES;
				SDKROOT = iphoneos;
				SWIFT_COMPILATION_MODE = wholemodule;
				SWIFT_OPTIMIZATION_LEVEL = "-O";
				VALIDATE_PRODUCT = YES;
			};
			name = Release;
		};
		9A9EFA5124912575000AC2DB /* Debug */ = {
			isa = XCBuildConfiguration;
			buildSettings = {
				ASSETCATALOG_COMPILER_APPICON_NAME = AppIcon;
				CODE_SIGN_STYLE = Automatic;
				INFOPLIST_FILE = CurrentWeather/Info.plist;
				LD_RUNPATH_SEARCH_PATHS = (
					"$(inherited)",
					"@executable_path/Frameworks",
				);
				PRODUCT_BUNDLE_IDENTIFIER = avadh.CurrentWeather;
				PRODUCT_NAME = "$(TARGET_NAME)";
				SWIFT_VERSION = 5.0;
				TARGETED_DEVICE_FAMILY = "1,2";
			};
			name = Debug;
		};
		9A9EFA5224912575000AC2DB /* Release */ = {
			isa = XCBuildConfiguration;
			buildSettings = {
				ASSETCATALOG_COMPILER_APPICON_NAME = AppIcon;
				CODE_SIGN_STYLE = Automatic;
				INFOPLIST_FILE = CurrentWeather/Info.plist;
				LD_RUNPATH_SEARCH_PATHS = (
					"$(inherited)",
					"@executable_path/Frameworks",
				);
				PRODUCT_BUNDLE_IDENTIFIER = avadh.CurrentWeather;
				PRODUCT_NAME = "$(TARGET_NAME)";
				SWIFT_VERSION = 5.0;
				TARGETED_DEVICE_FAMILY = "1,2";
			};
			name = Release;
		};
/* End XCBuildConfiguration section */

/* Begin XCConfigurationList section */
		9A9EFA3724912571000AC2DB /* Build configuration list for PBXProject "CurrentWeather" */ = {
			isa = XCConfigurationList;
			buildConfigurations = (
				9A9EFA4E24912575000AC2DB /* Debug */,
				9A9EFA4F24912575000AC2DB /* Release */,
			);
			defaultConfigurationIsVisible = 0;
			defaultConfigurationName = Release;
		};
		9A9EFA5024912575000AC2DB /* Build configuration list for PBXNativeTarget "CurrentWeather" */ = {
			isa = XCConfigurationList;
			buildConfigurations = (
				9A9EFA5124912575000AC2DB /* Debug */,
				9A9EFA5224912575000AC2DB /* Release */,
			);
			defaultConfigurationIsVisible = 0;
			defaultConfigurationName = Release;
		};
/* End XCConfigurationList section */
	};
	rootObject = 9A9EFA3424912571000AC2DB /* Project object */;
}
